
Microsoft Visual Studio Solution File, Format Version 12.00
# Visual Studio Version 16
VisualStudioVersion = 16.0.29326.143
MinimumVisualStudioVersion = 10.0.40219.1
Project("{2150E333-8FDC-42A3-9474-1A3956D46DE8}") = "Solution Items", "Solution Items", "{73784C42-6EF3-4FDB-82CD-FCE3604E28EA}"
	ProjectSection(SolutionItems) = preProject
		.gitignore = .gitignore
		README.md = README.md
	EndProjectSection
EndProject
Project("{6EC3EE1D-3C4E-46DD-8F32-0CC8E7565705}") = "CamlBuilder.Tests", "CamlBuilder.Tests\CamlBuilder.Tests.fsproj", "{5F2C33C0-E68B-4B67-9C52-D811EE7E9D12}"
EndProject
Project("{F2A71F9B-5D33-465A-A702-920D77279786}") = "CamlBuilder", "CamlBuilder\CamlBuilder.fsproj", "{141FC084-9ED1-4EFD-8BEE-B8E71C780986}"
EndProject
Global
	GlobalSection(SolutionConfigurationPlatforms) = preSolution
		Debug|Any CPU = Debug|Any CPU
		Release|Any CPU = Release|Any CPU
	EndGlobalSection
	GlobalSection(ProjectConfigurationPlatforms) = postSolution
		{5F2C33C0-E68B-4B67-9C52-D811EE7E9D12}.Debug|Any CPU.ActiveCfg = Debug|Any CPU
		{5F2C33C0-E68B-4B67-9C52-D811EE7E9D12}.Debug|Any CPU.Build.0 = Debug|Any CPU
		{5F2C33C0-E68B-4B67-9C52-D811EE7E9D12}.Release|Any CPU.ActiveCfg = Release|Any CPU
		{5F2C33C0-E68B-4B67-9C52-D811EE7E9D12}.Release|Any CPU.Build.0 = Release|Any CPU
		{141FC084-9ED1-4EFD-8BEE-B8E71C780986}.Debug|Any CPU.ActiveCfg = Debug|Any CPU
		{141FC084-9ED1-4EFD-8BEE-B8E71C780986}.Debug|Any CPU.Build.0 = Debug|Any CPU
		{141FC084-9ED1-4EFD-8BEE-B8E71C780986}.Release|Any CPU.ActiveCfg = Release|Any CPU
		{141FC084-9ED1-4EFD-8BEE-B8E71C780986}.Release|Any CPU.Build.0 = Release|Any CPU
	EndGlobalSection
	GlobalSection(SolutionProperties) = preSolution
		HideSolutionNode = FALSE
	EndGlobalSection
	GlobalSection(ExtensibilityGlobals) = postSolution
		SolutionGuid = {27D4F975-2628-4DC4-9C03-1B1EDDC663F4}
	EndGlobalSection
EndGlobal
