
Microsoft Visual Studio Solution File, Format Version 12.00
# Visual Studio Version 16
VisualStudioVersion = 16.0.28803.452
MinimumVisualStudioVersion = 10.0.40219.1
Project("{FAE04EC0-301F-11D3-BF4B-00C04F79EFBC}") = "CamlBuilder4000", "CamlBuilder4000.csproj", "{342FA430-0220-4BB9-8607-B2B05525F1EE}"
EndProject
Project("{FAE04EC0-301F-11D3-BF4B-00C04F79EFBC}") = "UnitTests", "UnitTests\UnitTests.csproj", "{7BC0A5EB-4867-47F9-8216-078BAE2A3997}"
EndProject
Project("{2150E333-8FDC-42A3-9474-1A3956D46DE8}") = "Solution Items", "Solution Items", "{73784C42-6EF3-4FDB-82CD-FCE3604E28EA}"
	ProjectSection(SolutionItems) = preProject
		.gitignore = .gitignore
		README.md = README.md
	EndProjectSection
EndProject
Project("{9A19103F-16F7-4668-BE54-9A1E7A4F7556}") = "CamlBuilder4000.Standard", "CamlBuilder4000.Standard\CamlBuilder4000.Standard.csproj", "{4387E12D-5314-4069-AB2D-6C97C5B098E7}"
EndProject
Project("{D954291E-2A0B-460D-934E-DC6B0785DB48}") = "CamlBuilder4000.SharedProject", "CamlBuilder4000.SharedProject\CamlBuilder4000.SharedProject.shproj", "{F86A46BF-A76D-4CC3-8348-209BFE45A80A}"
EndProject
Project("{F2A71F9B-5D33-465A-A702-920D77279786}") = "CamlBuilder.NetFramework", "CamlBuilder.NetFramework\CamlBuilder.NetFramework.fsproj", "{13DD5ECE-CB43-4316-BDB1-5B27890D3A37}"
EndProject
Project("{6EC3EE1D-3C4E-46DD-8F32-0CC8E7565705}") = "CamlBuilder.Tests", "CamlBuilder.Tests\CamlBuilder.Tests.fsproj", "{5F2C33C0-E68B-4B67-9C52-D811EE7E9D12}"
EndProject
Global
	GlobalSection(SharedMSBuildProjectFiles) = preSolution
		CamlBuilder4000.SharedProject\CamlBuilder4000.SharedProject.projitems*{342fa430-0220-4bb9-8607-b2b05525f1ee}*SharedItemsImports = 4
		CamlBuilder4000.SharedProject\CamlBuilder4000.SharedProject.projitems*{f86a46bf-a76d-4cc3-8348-209bfe45a80a}*SharedItemsImports = 13
	EndGlobalSection
	GlobalSection(SolutionConfigurationPlatforms) = preSolution
		Debug|Any CPU = Debug|Any CPU
		Release|Any CPU = Release|Any CPU
	EndGlobalSection
	GlobalSection(ProjectConfigurationPlatforms) = postSolution
		{342FA430-0220-4BB9-8607-B2B05525F1EE}.Debug|Any CPU.ActiveCfg = Debug|Any CPU
		{342FA430-0220-4BB9-8607-B2B05525F1EE}.Debug|Any CPU.Build.0 = Debug|Any CPU
		{342FA430-0220-4BB9-8607-B2B05525F1EE}.Release|Any CPU.ActiveCfg = Release|Any CPU
		{342FA430-0220-4BB9-8607-B2B05525F1EE}.Release|Any CPU.Build.0 = Release|Any CPU
		{7BC0A5EB-4867-47F9-8216-078BAE2A3997}.Debug|Any CPU.ActiveCfg = Debug|Any CPU
		{7BC0A5EB-4867-47F9-8216-078BAE2A3997}.Debug|Any CPU.Build.0 = Debug|Any CPU
		{7BC0A5EB-4867-47F9-8216-078BAE2A3997}.Release|Any CPU.ActiveCfg = Release|Any CPU
		{7BC0A5EB-4867-47F9-8216-078BAE2A3997}.Release|Any CPU.Build.0 = Release|Any CPU
		{4387E12D-5314-4069-AB2D-6C97C5B098E7}.Debug|Any CPU.ActiveCfg = Debug|Any CPU
		{4387E12D-5314-4069-AB2D-6C97C5B098E7}.Debug|Any CPU.Build.0 = Debug|Any CPU
		{4387E12D-5314-4069-AB2D-6C97C5B098E7}.Release|Any CPU.ActiveCfg = Release|Any CPU
		{4387E12D-5314-4069-AB2D-6C97C5B098E7}.Release|Any CPU.Build.0 = Release|Any CPU
		{13DD5ECE-CB43-4316-BDB1-5B27890D3A37}.Debug|Any CPU.ActiveCfg = Debug|Any CPU
		{13DD5ECE-CB43-4316-BDB1-5B27890D3A37}.Debug|Any CPU.Build.0 = Debug|Any CPU
		{13DD5ECE-CB43-4316-BDB1-5B27890D3A37}.Release|Any CPU.ActiveCfg = Release|Any CPU
		{13DD5ECE-CB43-4316-BDB1-5B27890D3A37}.Release|Any CPU.Build.0 = Release|Any CPU
		{5F2C33C0-E68B-4B67-9C52-D811EE7E9D12}.Debug|Any CPU.ActiveCfg = Debug|Any CPU
		{5F2C33C0-E68B-4B67-9C52-D811EE7E9D12}.Debug|Any CPU.Build.0 = Debug|Any CPU
		{5F2C33C0-E68B-4B67-9C52-D811EE7E9D12}.Release|Any CPU.ActiveCfg = Release|Any CPU
		{5F2C33C0-E68B-4B67-9C52-D811EE7E9D12}.Release|Any CPU.Build.0 = Release|Any CPU
	EndGlobalSection
	GlobalSection(SolutionProperties) = preSolution
		HideSolutionNode = FALSE
	EndGlobalSection
	GlobalSection(ExtensibilityGlobals) = postSolution
		SolutionGuid = {27D4F975-2628-4DC4-9C03-1B1EDDC663F4}
	EndGlobalSection
EndGlobal
